
Microsoft Visual Studio Solution File, Format Version 12.00
# Visual Studio Version 16
VisualStudioVersion = 16.0.30114.105
MinimumVisualStudioVersion = 10.0.40219.1
Project("{FAE04EC0-301F-11D3-BF4B-00C04F79EFBC}") = "BuberBreakfast.Contracts", "BuberBreakfast.Contracts\BuberBreakfast.Contracts.csproj", "{5D9C4635-C1E6-45F5-80C9-B3A9B14DD4B8}"
EndProject
Project("{FAE04EC0-301F-11D3-BF4B-00C04F79EFBC}") = "BuberBreakfast", "BuberBreakfast\BuberBreakfast.csproj", "{22A1701F-395D-43EA-B4C9-D4F30718A0D3}"
EndProject
Global
	GlobalSection(SolutionConfigurationPlatforms) = preSolution
		Debug|Any CPU = Debug|Any CPU
		Release|Any CPU = Release|Any CPU
	EndGlobalSection
	GlobalSection(SolutionProperties) = preSolution
		HideSolutionNode = FALSE
	EndGlobalSection
	GlobalSection(ProjectConfigurationPlatforms) = postSolution
		{5D9C4635-C1E6-45F5-80C9-B3A9B14DD4B8}.Debug|Any CPU.ActiveCfg = Debug|Any CPU
		{5D9C4635-C1E6-45F5-80C9-B3A9B14DD4B8}.Debug|Any CPU.Build.0 = Debug|Any CPU
		{5D9C4635-C1E6-45F5-80C9-B3A9B14DD4B8}.Release|Any CPU.ActiveCfg = Release|Any CPU
		{5D9C4635-C1E6-45F5-80C9-B3A9B14DD4B8}.Release|Any CPU.Build.0 = Release|Any CPU
		{22A1701F-395D-43EA-B4C9-D4F30718A0D3}.Debug|Any CPU.ActiveCfg = Debug|Any CPU
		{22A1701F-395D-43EA-B4C9-D4F30718A0D3}.Debug|Any CPU.Build.0 = Debug|Any CPU
		{22A1701F-395D-43EA-B4C9-D4F30718A0D3}.Release|Any CPU.ActiveCfg = Release|Any CPU
		{22A1701F-395D-43EA-B4C9-D4F30718A0D3}.Release|Any CPU.Build.0 = Release|Any CPU
	EndGlobalSection
EndGlobal
